
Microsoft Visual Studio Solution File, Format Version 12.00
Project("{FAE04EC0-301F-11D3-BF4B-00C04F79EFBC}") = "WebApiTodo", "WebApiTodo\WebApiTodo.csproj", "{DC4CCD19-8976-4E39-A224-FEF08E8A432A}"
EndProject
Global
	GlobalSection(SolutionConfigurationPlatforms) = preSolution
		Debug|Any CPU = Debug|Any CPU
		Release|Any CPU = Release|Any CPU
	EndGlobalSection
	GlobalSection(ProjectConfigurationPlatforms) = postSolution
		{DC4CCD19-8976-4E39-A224-FEF08E8A432A}.Debug|Any CPU.ActiveCfg = Debug|Any CPU
		{DC4CCD19-8976-4E39-A224-FEF08E8A432A}.Debug|Any CPU.Build.0 = Debug|Any CPU
		{DC4CCD19-8976-4E39-A224-FEF08E8A432A}.Release|Any CPU.ActiveCfg = Release|Any CPU
		{DC4CCD19-8976-4E39-A224-FEF08E8A432A}.Release|Any CPU.Build.0 = Release|Any CPU
	EndGlobalSection
EndGlobal
